// !$*UTF8*$!
{
	archiveVersion = 1;
	classes = {
	};
	objectVersion = 77;
	objects = {

/* Begin PBXBuildFile section */
		A10000000000000000000001 /* ThinkingOrbsDemoApp.swift in Sources */ = {isa = PBXBuildFile; fileRef = B10000000000000000000001 /* ThinkingOrbsDemoApp.swift */; };
		A10000000000000000000002 /* ContentView.swift in Sources */ = {isa = PBXBuildFile; fileRef = B10000000000000000000002 /* ContentView.swift */; };
		A10000000000000000000003 /* ThinkingOrbsDemoUITests.swift in Sources */ = {isa = PBXBuildFile; fileRef = B10000000000000000000004 /* ThinkingOrbsDemoUITests.swift */; };
		A10000000000000000000004 /* ControlsView.swift in Sources */ = {isa = PBXBuildFile; fileRef = B10000000000000000000007 /* ControlsView.swift */; };
		A10000000000000000000005 /* GalleryView.swift in Sources */ = {isa = PBXBuildFile; fileRef = B10000000000000000000008 /* GalleryView.swift */; };
		A10000000000000000000006 /* ThinkingOrbsKitPublicAPITests.swift in Sources */ = {isa = PBXBuildFile; fileRef = B10000000000000000000009 /* ThinkingOrbsKitPublicAPITests.swift */; };
		A10000000000000000000007 /* ThinkingOrbAccessibilityUITests.swift in Sources */ = {isa = PBXBuildFile; fileRef = B10000000000000000000011 /* ThinkingOrbAccessibilityUITests.swift */; };
/* End PBXBuildFile section */

/* Begin PBXContainerItemProxy section */
		C10000000000000000000001 /* PBXContainerItemProxy */ = {
			isa = PBXContainerItemProxy;
			containerPortal = D10000000000000000000001 /* Project object */;
			proxyType = 1;
			remoteGlobalIDString = E10000000000000000000001;
			remoteInfo = ThinkingOrbsDemo;
		};
/* End PBXContainerItemProxy section */

/* Begin PBXFileReference section */
		B10000000000000000000001 /* ThinkingOrbsDemoApp.swift */ = {isa = PBXFileReference; lastKnownFileType = sourcecode.swift; path = ThinkingOrbsDemoApp.swift; sourceTree = "<group>"; };
		B10000000000000000000002 /* ContentView.swift */ = {isa = PBXFileReference; lastKnownFileType = sourcecode.swift; path = ContentView.swift; sourceTree = "<group>"; };
		B10000000000000000000003 /* Info.plist */ = {isa = PBXFileReference; lastKnownFileType = text.plist.xml; path = Info.plist; sourceTree = "<group>"; };
		B10000000000000000000004 /* ThinkingOrbsDemoUITests.swift */ = {isa = PBXFileReference; lastKnownFileType = sourcecode.swift; path = ThinkingOrbsDemoUITests.swift; sourceTree = "<group>"; };
		B10000000000000000000005 /* ThinkingOrbsDemo.app */ = {isa = PBXFileReference; explicitFileType = wrapper.application; includeInIndex = 0; path = ThinkingOrbsDemo.app; sourceTree = BUILT_PRODUCTS_DIR; };
		B10000000000000000000006 /* ThinkingOrbsDemoUITests.xctest */ = {isa = PBXFileReference; explicitFileType = wrapper.cfbundle; includeInIndex = 0; path = ThinkingOrbsDemoUITests.xctest; sourceTree = BUILT_PRODUCTS_DIR; };
		B10000000000000000000007 /* ControlsView.swift */ = {isa = PBXFileReference; lastKnownFileType = sourcecode.swift; path = ControlsView.swift; sourceTree = "<group>"; };
		B10000000000000000000008 /* GalleryView.swift */ = {isa = PBXFileReference; lastKnownFileType = sourcecode.swift; path = GalleryView.swift; sourceTree = "<group>"; };
		B10000000000000000000009 /* ThinkingOrbsKitPublicAPITests.swift */ = {isa = PBXFileReference; lastKnownFileType = sourcecode.swift; path = ThinkingOrbsKitPublicAPITests.swift; sourceTree = "<group>"; };
		B10000000000000000000010 /* ThinkingOrbsKitIOSTests.xctest */ = {isa = PBXFileReference; explicitFileType = wrapper.cfbundle; includeInIndex = 0; path = ThinkingOrbsKitIOSTests.xctest; sourceTree = BUILT_PRODUCTS_DIR; };
		B10000000000000000000011 /* ThinkingOrbAccessibilityUITests.swift */ = {isa = PBXFileReference; lastKnownFileType = sourcecode.swift; path = ThinkingOrbAccessibilityUITests.swift; sourceTree = "<group>"; };
/* End PBXFileReference section */

/* Begin PBXFrameworksBuildPhase section */
		F10000000000000000000001 /* Frameworks */ = {isa = PBXFrameworksBuildPhase; buildActionMask = 2147483647; files = (); runOnlyForDeploymentPostprocessing = 0; };
		F10000000000000000000002 /* Frameworks */ = {isa = PBXFrameworksBuildPhase; buildActionMask = 2147483647; files = (); runOnlyForDeploymentPostprocessing = 0; };
		F10000000000000000000003 /* Frameworks */ = {isa = PBXFrameworksBuildPhase; buildActionMask = 2147483647; files = (); runOnlyForDeploymentPostprocessing = 0; };
/* End PBXFrameworksBuildPhase section */

/* Begin PBXGroup section */
		G10000000000000000000001 = {isa = PBXGroup; children = (G10000000000000000000002, G10000000000000000000003, G10000000000000000000005, G10000000000000000000004); sourceTree = "<group>"; };
		G10000000000000000000002 /* ThinkingOrbsDemo */ = {isa = PBXGroup; children = (B10000000000000000000001, B10000000000000000000002, B10000000000000000000007, B10000000000000000000008, B10000000000000000000003); path = ThinkingOrbsDemo; sourceTree = "<group>"; };
		G10000000000000000000003 /* ThinkingOrbsDemoUITests */ = {isa = PBXGroup; children = (B10000000000000000000004, B10000000000000000000011); path = ThinkingOrbsDemoUITests; sourceTree = "<group>"; };
		G10000000000000000000004 /* Products */ = {isa = PBXGroup; children = (B10000000000000000000005, B10000000000000000000006, B10000000000000000000010); name = Products; sourceTree = "<group>"; };
		G10000000000000000000005 /* ThinkingOrbsKitIOSTests */ = {isa = PBXGroup; children = (B10000000000000000000009); path = ThinkingOrbsKitIOSTests; sourceTree = "<group>"; };
/* End PBXGroup section */

/* Begin PBXNativeTarget section */
		E10000000000000000000001 /* ThinkingOrbsDemo */ = {
			isa = PBXNativeTarget;
			buildConfigurationList = H10000000000000000000001;
			buildPhases = (F20000000000000000000001, F30000000000000000000001, F10000000000000000000001);
			buildRules = (); dependencies = (); name = ThinkingOrbsDemo; packageProductDependencies = (P10000000000000000000001); productName = ThinkingOrbsDemo; productReference = B10000000000000000000005; productType = "com.apple.product-type.application";
		};
		E10000000000000000000002 /* ThinkingOrbsDemoUITests */ = {
			isa = PBXNativeTarget;
			buildConfigurationList = H10000000000000000000002;
			buildPhases = (F20000000000000000000002, F10000000000000000000002);
			buildRules = (); dependencies = (C10000000000000000000002); name = ThinkingOrbsDemoUITests; packageProductDependencies = (); productName = ThinkingOrbsDemoUITests; productReference = B10000000000000000000006; productType = "com.apple.product-type.bundle.ui-testing";
		};
		E10000000000000000000003 /* ThinkingOrbsKitIOSTests */ = {
			isa = PBXNativeTarget;
			buildConfigurationList = H10000000000000000000003;
			buildPhases = (F20000000000000000000003, F10000000000000000000003);
			buildRules = (); dependencies = (); name = ThinkingOrbsKitIOSTests; packageProductDependencies = (P10000000000000000000001); productName = ThinkingOrbsKitIOSTests; productReference = B10000000000000000000010; productType = "com.apple.product-type.bundle.unit-test";
		};
/* End PBXNativeTarget section */

/* Begin PBXProject section */
		D10000000000000000000001 /* Project object */ = {
			isa = PBXProject;
			attributes = { LastUpgradeCheck = 2650; TargetAttributes = { E10000000000000000000001 = { CreatedOnToolsVersion = 26.5; }; E10000000000000000000002 = { CreatedOnToolsVersion = 26.5; TestTargetID = E10000000000000000000001; }; E10000000000000000000003 = { CreatedOnToolsVersion = 26.5; }; }; };
			buildConfigurationList = H20000000000000000000001;
			compatibilityVersion = "Xcode 16.0";
			developmentRegion = en;
			hasScannedForEncodings = 0;
			knownRegions = (en, Base);
			mainGroup = G10000000000000000000001;
			packageReferences = (R10000000000000000000001);
			productRefGroup = G10000000000000000000004;
			projectDirPath = "";
			projectRoot = "";
			targets = (E10000000000000000000001, E10000000000000000000002, E10000000000000000000003);
		};
/* End PBXProject section */

/* Begin PBXResourcesBuildPhase section */
		F30000000000000000000001 /* Resources */ = {isa = PBXResourcesBuildPhase; buildActionMask = 2147483647; files = (); runOnlyForDeploymentPostprocessing = 0; };
/* End PBXResourcesBuildPhase section */

/* Begin PBXSourcesBuildPhase section */
		F20000000000000000000001 /* Sources */ = {isa = PBXSourcesBuildPhase; buildActionMask = 2147483647; files = (A10000000000000000000001, A10000000000000000000002, A10000000000000000000004, A10000000000000000000005); runOnlyForDeploymentPostprocessing = 0; };
		F20000000000000000000002 /* Sources */ = {isa = PBXSourcesBuildPhase; buildActionMask = 2147483647; files = (A10000000000000000000003, A10000000000000000000007); runOnlyForDeploymentPostprocessing = 0; };
		F20000000000000000000003 /* Sources */ = {isa = PBXSourcesBuildPhase; buildActionMask = 2147483647; files = (A10000000000000000000006); runOnlyForDeploymentPostprocessing = 0; };
/* End PBXSourcesBuildPhase section */

/* Begin PBXTargetDependency section */
		C10000000000000000000002 /* PBXTargetDependency */ = {isa = PBXTargetDependency; target = E10000000000000000000001; targetProxy = C10000000000000000000001; };
/* End PBXTargetDependency section */

/* Begin XCBuildConfiguration section */
		H30000000000000000000001 /* Debug */ = {isa = XCBuildConfiguration; buildSettings = { ALWAYS_SEARCH_USER_PATHS = NO; SWIFT_VERSION = 6.0; }; name = Debug; };
		H30000000000000000000002 /* Release */ = {isa = XCBuildConfiguration; buildSettings = { ALWAYS_SEARCH_USER_PATHS = NO; SWIFT_VERSION = 6.0; }; name = Release; };
		H30000000000000000000003 /* Debug */ = {isa = XCBuildConfiguration; buildSettings = { ARCHS = arm64; CODE_SIGN_STYLE = Automatic; SDKROOT = iphoneos; SUPPORTED_PLATFORMS = "iphoneos iphonesimulator"; GENERATE_INFOPLIST_FILE = NO; INFOPLIST_FILE = ThinkingOrbsDemo/Info.plist; IPHONEOS_DEPLOYMENT_TARGET = 15.0; PRODUCT_BUNDLE_IDENTIFIER = com.thinkingorbs.demo; PRODUCT_NAME = "$(TARGET_NAME)"; SWIFT_VERSION = 6.0; TARGETED_DEVICE_FAMILY = "1,2"; }; name = Debug; };
		H30000000000000000000004 /* Release */ = {isa = XCBuildConfiguration; buildSettings = { ARCHS = arm64; CODE_SIGN_STYLE = Automatic; SDKROOT = iphoneos; SUPPORTED_PLATFORMS = "iphoneos iphonesimulator"; GENERATE_INFOPLIST_FILE = NO; INFOPLIST_FILE = ThinkingOrbsDemo/Info.plist; IPHONEOS_DEPLOYMENT_TARGET = 15.0; PRODUCT_BUNDLE_IDENTIFIER = com.thinkingorbs.demo; PRODUCT_NAME = "$(TARGET_NAME)"; SWIFT_VERSION = 6.0; TARGETED_DEVICE_FAMILY = "1,2"; }; name = Release; };
		H30000000000000000000005 /* Debug */ = {isa = XCBuildConfiguration; buildSettings = { ARCHS = arm64; BUNDLE_LOADER = "$(BUILT_PRODUCTS_DIR)/ThinkingOrbsDemo.app/ThinkingOrbsDemo"; CODE_SIGN_STYLE = Automatic; SDKROOT = iphoneos; SUPPORTED_PLATFORMS = "iphoneos iphonesimulator"; GENERATE_INFOPLIST_FILE = YES; IPHONEOS_DEPLOYMENT_TARGET = 15.0; PRODUCT_BUNDLE_IDENTIFIER = com.thinkingorbs.demoUITests; PRODUCT_NAME = "$(TARGET_NAME)"; SWIFT_VERSION = 6.0; TARGETED_DEVICE_FAMILY = "1,2"; TEST_TARGET_NAME = ThinkingOrbsDemo; }; name = Debug; };
		H30000000000000000000006 /* Release */ = {isa = XCBuildConfiguration; buildSettings = { ARCHS = arm64; BUNDLE_LOADER = "$(BUILT_PRODUCTS_DIR)/ThinkingOrbsDemo.app/ThinkingOrbsDemo"; CODE_SIGN_STYLE = Automatic; SDKROOT = iphoneos; SUPPORTED_PLATFORMS = "iphoneos iphonesimulator"; GENERATE_INFOPLIST_FILE = YES; IPHONEOS_DEPLOYMENT_TARGET = 15.0; PRODUCT_BUNDLE_IDENTIFIER = com.thinkingorbs.demoUITests; PRODUCT_NAME = "$(TARGET_NAME)"; SWIFT_VERSION = 6.0; TARGETED_DEVICE_FAMILY = "1,2"; TEST_TARGET_NAME = ThinkingOrbsDemo; }; name = Release; };
		H30000000000000000000007 /* Debug */ = {isa = XCBuildConfiguration; buildSettings = { ARCHS = arm64; CODE_SIGN_STYLE = Automatic; SDKROOT = iphoneos; SUPPORTED_PLATFORMS = "iphoneos iphonesimulator"; GENERATE_INFOPLIST_FILE = YES; IPHONEOS_DEPLOYMENT_TARGET = 15.0; PRODUCT_BUNDLE_IDENTIFIER = com.thinkingorbs.kitIOSTests; PRODUCT_NAME = "$(TARGET_NAME)"; SWIFT_VERSION = 6.0; TARGETED_DEVICE_FAMILY = "1,2"; }; name = Debug; };
		H30000000000000000000008 /* Release */ = {isa = XCBuildConfiguration; buildSettings = { ARCHS = arm64; CODE_SIGN_STYLE = Automatic; SDKROOT = iphoneos; SUPPORTED_PLATFORMS = "iphoneos iphonesimulator"; GENERATE_INFOPLIST_FILE = YES; IPHONEOS_DEPLOYMENT_TARGET = 15.0; PRODUCT_BUNDLE_IDENTIFIER = com.thinkingorbs.kitIOSTests; PRODUCT_NAME = "$(TARGET_NAME)"; SWIFT_VERSION = 6.0; TARGETED_DEVICE_FAMILY = "1,2"; }; name = Release; };
/* End XCBuildConfiguration section */

/* Begin XCConfigurationList section */
		H20000000000000000000001 /* Project */ = {isa = XCConfigurationList; buildConfigurations = (H30000000000000000000001, H30000000000000000000002); defaultConfigurationIsVisible = 0; defaultConfigurationName = Release; };
		H10000000000000000000001 /* App */ = {isa = XCConfigurationList; buildConfigurations = (H30000000000000000000003, H30000000000000000000004); defaultConfigurationIsVisible = 0; defaultConfigurationName = Release; };
		H10000000000000000000002 /* UI Tests */ = {isa = XCConfigurationList; buildConfigurations = (H30000000000000000000005, H30000000000000000000006); defaultConfigurationIsVisible = 0; defaultConfigurationName = Release; };
		H10000000000000000000003 /* iOS API Tests */ = {isa = XCConfigurationList; buildConfigurations = (H30000000000000000000007, H30000000000000000000008); defaultConfigurationIsVisible = 0; defaultConfigurationName = Release; };
/* End XCConfigurationList section */

/* Begin XCLocalSwiftPackageReference section */
		R10000000000000000000001 /* XCLocalSwiftPackageReference */ = {isa = XCLocalSwiftPackageReference; relativePath = .; };
/* End XCLocalSwiftPackageReference section */

/* Begin XCSwiftPackageProductDependency section */
		P10000000000000000000001 /* ThinkingOrbsKit */ = {isa = XCSwiftPackageProductDependency; package = R10000000000000000000001 /* XCLocalSwiftPackageReference */; productName = ThinkingOrbsKit; };
/* End XCSwiftPackageProductDependency section */
	};
	rootObject = D10000000000000000000001 /* Project object */;
}
